
Microsoft Visual Studio Solution File, Format Version 12.00
# Visual Studio 15
VisualStudioVersion = 15.0.28307.168
MinimumVisualStudioVersion = 10.0.40219.1
Project("{8BC9CEB8-8B4A-11D0-8D11-00A0C91BC942}") = "ppx", "ppx.vcxproj", "{CE0CBFB3-8D7E-4833-BE49-615F075A8CCC}"
EndProject
Project("{2150E333-8FDC-42A3-9474-1A3956D46DE8}") = "test", "test", "{FD0B9D94-1258-42E8-ACCD-13DA2C5FD6F7}"
EndProject
Project("{8BC9CEB8-8B4A-11D0-8D11-00A0C91BC942}") = "test-01", "test\test-01\test-01.vcxproj", "{64291452-4EE8-4C94-8AED-5968EF31AE3A}"
	ProjectSection(ProjectDependencies) = postProject
		{CE0CBFB3-8D7E-4833-BE49-615F075A8CCC} = {CE0CBFB3-8D7E-4833-BE49-615F075A8CCC}
	EndProjectSection
EndProject
Project("{8BC9CEB8-8B4A-11D0-8D11-00A0C91BC942}") = "test-nuget", "test\test-nuget\test-nuget.vcxproj", "{B0D0B736-9640-43D6-A1DE-CD430EF2BF43}"
EndProject
Global
	GlobalSection(SolutionConfigurationPlatforms) = preSolution
		Debug_Min|x64 = Debug_Min|x64
		Debug_Min|x86 = Debug_Min|x86
		Debug|x64 = Debug|x64
		Debug|x86 = Debug|x86
		DebugDLL_Min|x64 = DebugDLL_Min|x64
		DebugDLL_Min|x86 = DebugDLL_Min|x86
		DebugDLL|x64 = DebugDLL|x64
		DebugDLL|x86 = DebugDLL|x86
		DebugDLLHTTP|x64 = DebugDLLHTTP|x64
		DebugDLLHTTP|x86 = DebugDLLHTTP|x86
		DebugHTTP|x64 = DebugHTTP|x64
		DebugHTTP|x86 = DebugHTTP|x86
		Release|x64 = Release|x64
		Release|x86 = Release|x86
		ReleaseDLL_Min|x64 = ReleaseDLL_Min|x64
		ReleaseDLL_Min|x86 = ReleaseDLL_Min|x86
		ReleaseDLL|x64 = ReleaseDLL|x64
		ReleaseDLL|x86 = ReleaseDLL|x86
		ReleaseDLLHTTP|x64 = ReleaseDLLHTTP|x64
		ReleaseDLLHTTP|x86 = ReleaseDLLHTTP|x86
		ReleaseHTTP|x64 = ReleaseHTTP|x64
		ReleaseHTTP|x86 = ReleaseHTTP|x86
		ReleaseMin|x64 = ReleaseMin|x64
		ReleaseMin|x86 = ReleaseMin|x86
	EndGlobalSection
	GlobalSection(ProjectConfigurationPlatforms) = postSolution
		{CE0CBFB3-8D7E-4833-BE49-615F075A8CCC}.Debug_Min|x64.ActiveCfg = Debug_Min|x64
		{CE0CBFB3-8D7E-4833-BE49-615F075A8CCC}.Debug_Min|x64.Build.0 = Debug_Min|x64
		{CE0CBFB3-8D7E-4833-BE49-615F075A8CCC}.Debug_Min|x86.ActiveCfg = Debug_Min|Win32
		{CE0CBFB3-8D7E-4833-BE49-615F075A8CCC}.Debug_Min|x86.Build.0 = Debug_Min|Win32
		{CE0CBFB3-8D7E-4833-BE49-615F075A8CCC}.Debug|x64.ActiveCfg = Debug|x64
		{CE0CBFB3-8D7E-4833-BE49-615F075A8CCC}.Debug|x64.Build.0 = Debug|x64
		{CE0CBFB3-8D7E-4833-BE49-615F075A8CCC}.Debug|x86.ActiveCfg = Debug|Win32
		{CE0CBFB3-8D7E-4833-BE49-615F075A8CCC}.Debug|x86.Build.0 = Debug|Win32
		{CE0CBFB3-8D7E-4833-BE49-615F075A8CCC}.DebugDLL_Min|x64.ActiveCfg = DebugDLL_Min|x64
		{CE0CBFB3-8D7E-4833-BE49-615F075A8CCC}.DebugDLL_Min|x64.Build.0 = DebugDLL_Min|x64
		{CE0CBFB3-8D7E-4833-BE49-615F075A8CCC}.DebugDLL_Min|x86.ActiveCfg = DebugDLL_Min|Win32
		{CE0CBFB3-8D7E-4833-BE49-615F075A8CCC}.DebugDLL_Min|x86.Build.0 = DebugDLL_Min|Win32
		{CE0CBFB3-8D7E-4833-BE49-615F075A8CCC}.DebugDLL|x64.ActiveCfg = DebugDLL|x64
		{CE0CBFB3-8D7E-4833-BE49-615F075A8CCC}.DebugDLL|x64.Build.0 = DebugDLL|x64
		{CE0CBFB3-8D7E-4833-BE49-615F075A8CCC}.DebugDLL|x86.ActiveCfg = DebugDLL|Win32
		{CE0CBFB3-8D7E-4833-BE49-615F075A8CCC}.DebugDLL|x86.Build.0 = DebugDLL|Win32
		{CE0CBFB3-8D7E-4833-BE49-615F075A8CCC}.DebugDLLHTTP|x64.ActiveCfg = DebugDLLHTTP|x64
		{CE0CBFB3-8D7E-4833-BE49-615F075A8CCC}.DebugDLLHTTP|x64.Build.0 = DebugDLLHTTP|x64
		{CE0CBFB3-8D7E-4833-BE49-615F075A8CCC}.DebugDLLHTTP|x86.ActiveCfg = DebugDLLHTTP|Win32
		{CE0CBFB3-8D7E-4833-BE49-615F075A8CCC}.DebugDLLHTTP|x86.Build.0 = DebugDLLHTTP|Win32
		{CE0CBFB3-8D7E-4833-BE49-615F075A8CCC}.DebugHTTP|x64.ActiveCfg = DebugHTTP|x64
		{CE0CBFB3-8D7E-4833-BE49-615F075A8CCC}.DebugHTTP|x64.Build.0 = DebugHTTP|x64
		{CE0CBFB3-8D7E-4833-BE49-615F075A8CCC}.DebugHTTP|x86.ActiveCfg = DebugHTTP|Win32
		{CE0CBFB3-8D7E-4833-BE49-615F075A8CCC}.DebugHTTP|x86.Build.0 = DebugHTTP|Win32
		{CE0CBFB3-8D7E-4833-BE49-615F075A8CCC}.Release|x64.ActiveCfg = Release|x64
		{CE0CBFB3-8D7E-4833-BE49-615F075A8CCC}.Release|x64.Build.0 = Release|x64
		{CE0CBFB3-8D7E-4833-BE49-615F075A8CCC}.Release|x86.ActiveCfg = Release|Win32
		{CE0CBFB3-8D7E-4833-BE49-615F075A8CCC}.Release|x86.Build.0 = Release|Win32
		{CE0CBFB3-8D7E-4833-BE49-615F075A8CCC}.ReleaseDLL_Min|x64.ActiveCfg = ReleaseDLL_Min|x64
		{CE0CBFB3-8D7E-4833-BE49-615F075A8CCC}.ReleaseDLL_Min|x64.Build.0 = ReleaseDLL_Min|x64
		{CE0CBFB3-8D7E-4833-BE49-615F075A8CCC}.ReleaseDLL_Min|x86.ActiveCfg = ReleaseDLL_Min|Win32
		{CE0CBFB3-8D7E-4833-BE49-615F075A8CCC}.ReleaseDLL_Min|x86.Build.0 = ReleaseDLL_Min|Win32
		{CE0CBFB3-8D7E-4833-BE49-615F075A8CCC}.ReleaseDLL|x64.ActiveCfg = ReleaseDLL|x64
		{CE0CBFB3-8D7E-4833-BE49-615F075A8CCC}.ReleaseDLL|x64.Build.0 = ReleaseDLL|x64
		{CE0CBFB3-8D7E-4833-BE49-615F075A8CCC}.ReleaseDLL|x86.ActiveCfg = ReleaseDLL|Win32
		{CE0CBFB3-8D7E-4833-BE49-615F075A8CCC}.ReleaseDLL|x86.Build.0 = ReleaseDLL|Win32
		{CE0CBFB3-8D7E-4833-BE49-615F075A8CCC}.ReleaseDLLHTTP|x64.ActiveCfg = ReleaseDLLHTTP|x64
		{CE0CBFB3-8D7E-4833-BE49-615F075A8CCC}.ReleaseDLLHTTP|x64.Build.0 = ReleaseDLLHTTP|x64
		{CE0CBFB3-8D7E-4833-BE49-615F075A8CCC}.ReleaseDLLHTTP|x86.ActiveCfg = ReleaseDLLHTTP|Win32
		{CE0CBFB3-8D7E-4833-BE49-615F075A8CCC}.ReleaseDLLHTTP|x86.Build.0 = ReleaseDLLHTTP|Win32
		{CE0CBFB3-8D7E-4833-BE49-615F075A8CCC}.ReleaseHTTP|x64.ActiveCfg = ReleaseHTTP|x64
		{CE0CBFB3-8D7E-4833-BE49-615F075A8CCC}.ReleaseHTTP|x64.Build.0 = ReleaseHTTP|x64
		{CE0CBFB3-8D7E-4833-BE49-615F075A8CCC}.ReleaseHTTP|x86.ActiveCfg = ReleaseHTTP|Win32
		{CE0CBFB3-8D7E-4833-BE49-615F075A8CCC}.ReleaseHTTP|x86.Build.0 = ReleaseHTTP|Win32
		{CE0CBFB3-8D7E-4833-BE49-615F075A8CCC}.ReleaseMin|x64.ActiveCfg = ReleaseMin|x64
		{CE0CBFB3-8D7E-4833-BE49-615F075A8CCC}.ReleaseMin|x64.Build.0 = ReleaseMin|x64
		{CE0CBFB3-8D7E-4833-BE49-615F075A8CCC}.ReleaseMin|x86.ActiveCfg = ReleaseMin|Win32
		{CE0CBFB3-8D7E-4833-BE49-615F075A8CCC}.ReleaseMin|x86.Build.0 = ReleaseMin|Win32
		{64291452-4EE8-4C94-8AED-5968EF31AE3A}.Debug_Min|x64.ActiveCfg = Debug_Min|x64
		{64291452-4EE8-4C94-8AED-5968EF31AE3A}.Debug_Min|x64.Build.0 = Debug_Min|x64
		{64291452-4EE8-4C94-8AED-5968EF31AE3A}.Debug_Min|x86.ActiveCfg = Debug_Min|Win32
		{64291452-4EE8-4C94-8AED-5968EF31AE3A}.Debug_Min|x86.Build.0 = Debug_Min|Win32
		{64291452-4EE8-4C94-8AED-5968EF31AE3A}.Debug|x64.ActiveCfg = Debug|x64
		{64291452-4EE8-4C94-8AED-5968EF31AE3A}.Debug|x64.Build.0 = Debug|x64
		{64291452-4EE8-4C94-8AED-5968EF31AE3A}.Debug|x86.ActiveCfg = Debug|Win32
		{64291452-4EE8-4C94-8AED-5968EF31AE3A}.Debug|x86.Build.0 = Debug|Win32
		{64291452-4EE8-4C94-8AED-5968EF31AE3A}.DebugDLL_Min|x64.ActiveCfg = DebugDLL_Min|x64
		{64291452-4EE8-4C94-8AED-5968EF31AE3A}.DebugDLL_Min|x64.Build.0 = DebugDLL_Min|x64
		{64291452-4EE8-4C94-8AED-5968EF31AE3A}.DebugDLL_Min|x86.ActiveCfg = DebugDLL_Min|Win32
		{64291452-4EE8-4C94-8AED-5968EF31AE3A}.DebugDLL_Min|x86.Build.0 = DebugDLL_Min|Win32
		{64291452-4EE8-4C94-8AED-5968EF31AE3A}.DebugDLL|x64.ActiveCfg = DebugDLL|x64
		{64291452-4EE8-4C94-8AED-5968EF31AE3A}.DebugDLL|x64.Build.0 = DebugDLL|x64
		{64291452-4EE8-4C94-8AED-5968EF31AE3A}.DebugDLL|x86.ActiveCfg = DebugDLL|Win32
		{64291452-4EE8-4C94-8AED-5968EF31AE3A}.DebugDLL|x86.Build.0 = DebugDLL|Win32
		{64291452-4EE8-4C94-8AED-5968EF31AE3A}.DebugDLLHTTP|x64.ActiveCfg = DebugDLLHTTP|x64
		{64291452-4EE8-4C94-8AED-5968EF31AE3A}.DebugDLLHTTP|x64.Build.0 = DebugDLLHTTP|x64
		{64291452-4EE8-4C94-8AED-5968EF31AE3A}.DebugDLLHTTP|x86.ActiveCfg = DebugDLLHTTP|Win32
		{64291452-4EE8-4C94-8AED-5968EF31AE3A}.DebugDLLHTTP|x86.Build.0 = DebugDLLHTTP|Win32
		{64291452-4EE8-4C94-8AED-5968EF31AE3A}.DebugHTTP|x64.ActiveCfg = DebugHTTP|x64
		{64291452-4EE8-4C94-8AED-5968EF31AE3A}.DebugHTTP|x64.Build.0 = DebugHTTP|x64
		{64291452-4EE8-4C94-8AED-5968EF31AE3A}.DebugHTTP|x86.ActiveCfg = DebugHTTP|Win32
		{64291452-4EE8-4C94-8AED-5968EF31AE3A}.DebugHTTP|x86.Build.0 = DebugHTTP|Win32
		{64291452-4EE8-4C94-8AED-5968EF31AE3A}.Release|x64.ActiveCfg = Release|x64
		{64291452-4EE8-4C94-8AED-5968EF31AE3A}.Release|x64.Build.0 = Release|x64
		{64291452-4EE8-4C94-8AED-5968EF31AE3A}.Release|x86.ActiveCfg = Release|Win32
		{64291452-4EE8-4C94-8AED-5968EF31AE3A}.Release|x86.Build.0 = Release|Win32
		{64291452-4EE8-4C94-8AED-5968EF31AE3A}.ReleaseDLL_Min|x64.ActiveCfg = ReleaseDLL_Min|x64
		{64291452-4EE8-4C94-8AED-5968EF31AE3A}.ReleaseDLL_Min|x64.Build.0 = ReleaseDLL_Min|x64
		{64291452-4EE8-4C94-8AED-5968EF31AE3A}.ReleaseDLL_Min|x86.ActiveCfg = ReleaseDLL_Min|Win32
		{64291452-4EE8-4C94-8AED-5968EF31AE3A}.ReleaseDLL_Min|x86.Build.0 = ReleaseDLL_Min|Win32
		{64291452-4EE8-4C94-8AED-5968EF31AE3A}.ReleaseDLL|x64.ActiveCfg = ReleaseDLL|x64
		{64291452-4EE8-4C94-8AED-5968EF31AE3A}.ReleaseDLL|x64.Build.0 = ReleaseDLL|x64
		{64291452-4EE8-4C94-8AED-5968EF31AE3A}.ReleaseDLL|x86.ActiveCfg = ReleaseDLL|Win32
		{64291452-4EE8-4C94-8AED-5968EF31AE3A}.ReleaseDLL|x86.Build.0 = ReleaseDLL|Win32
		{64291452-4EE8-4C94-8AED-5968EF31AE3A}.ReleaseDLLHTTP|x64.ActiveCfg = ReleaseDLLHTTP|x64
		{64291452-4EE8-4C94-8AED-5968EF31AE3A}.ReleaseDLLHTTP|x64.Build.0 = ReleaseDLLHTTP|x64
		{64291452-4EE8-4C94-8AED-5968EF31AE3A}.ReleaseDLLHTTP|x86.ActiveCfg = ReleaseDLLHTTP|Win32
		{64291452-4EE8-4C94-8AED-5968EF31AE3A}.ReleaseDLLHTTP|x86.Build.0 = ReleaseDLLHTTP|Win32
		{64291452-4EE8-4C94-8AED-5968EF31AE3A}.ReleaseHTTP|x64.ActiveCfg = ReleaseHTTP|x64
		{64291452-4EE8-4C94-8AED-5968EF31AE3A}.ReleaseHTTP|x64.Build.0 = ReleaseHTTP|x64
		{64291452-4EE8-4C94-8AED-5968EF31AE3A}.ReleaseHTTP|x86.ActiveCfg = ReleaseHTTP|Win32
		{64291452-4EE8-4C94-8AED-5968EF31AE3A}.ReleaseHTTP|x86.Build.0 = ReleaseHTTP|Win32
		{64291452-4EE8-4C94-8AED-5968EF31AE3A}.ReleaseMin|x64.ActiveCfg = ReleaseMin|x64
		{64291452-4EE8-4C94-8AED-5968EF31AE3A}.ReleaseMin|x64.Build.0 = ReleaseMin|x64
		{64291452-4EE8-4C94-8AED-5968EF31AE3A}.ReleaseMin|x86.ActiveCfg = ReleaseMin|Win32
		{64291452-4EE8-4C94-8AED-5968EF31AE3A}.ReleaseMin|x86.Build.0 = ReleaseMin|Win32
		{B0D0B736-9640-43D6-A1DE-CD430EF2BF43}.Debug_Min|x64.ActiveCfg = Debug_Min|x64
		{B0D0B736-9640-43D6-A1DE-CD430EF2BF43}.Debug_Min|x64.Build.0 = Debug_Min|x64
		{B0D0B736-9640-43D6-A1DE-CD430EF2BF43}.Debug_Min|x86.ActiveCfg = Debug_Min|Win32
		{B0D0B736-9640-43D6-A1DE-CD430EF2BF43}.Debug_Min|x86.Build.0 = Debug_Min|Win32
		{B0D0B736-9640-43D6-A1DE-CD430EF2BF43}.Debug|x64.ActiveCfg = Debug|x64
		{B0D0B736-9640-43D6-A1DE-CD430EF2BF43}.Debug|x64.Build.0 = Debug|x64
		{B0D0B736-9640-43D6-A1DE-CD430EF2BF43}.Debug|x86.ActiveCfg = Debug|Win32
		{B0D0B736-9640-43D6-A1DE-CD430EF2BF43}.Debug|x86.Build.0 = Debug|Win32
		{B0D0B736-9640-43D6-A1DE-CD430EF2BF43}.DebugDLL_Min|x64.ActiveCfg = DebugDLL_Min|x64
		{B0D0B736-9640-43D6-A1DE-CD430EF2BF43}.DebugDLL_Min|x64.Build.0 = DebugDLL_Min|x64
		{B0D0B736-9640-43D6-A1DE-CD430EF2BF43}.DebugDLL_Min|x86.ActiveCfg = DebugDLL_Min|Win32
		{B0D0B736-9640-43D6-A1DE-CD430EF2BF43}.DebugDLL_Min|x86.Build.0 = DebugDLL_Min|Win32
		{B0D0B736-9640-43D6-A1DE-CD430EF2BF43}.DebugDLL|x64.ActiveCfg = DebugDLL|x64
		{B0D0B736-9640-43D6-A1DE-CD430EF2BF43}.DebugDLL|x64.Build.0 = DebugDLL|x64
		{B0D0B736-9640-43D6-A1DE-CD430EF2BF43}.DebugDLL|x86.ActiveCfg = DebugDLL|Win32
		{B0D0B736-9640-43D6-A1DE-CD430EF2BF43}.DebugDLL|x86.Build.0 = DebugDLL|Win32
		{B0D0B736-9640-43D6-A1DE-CD430EF2BF43}.DebugDLLHTTP|x64.ActiveCfg = DebugDLLHTTP|x64
		{B0D0B736-9640-43D6-A1DE-CD430EF2BF43}.DebugDLLHTTP|x64.Build.0 = DebugDLLHTTP|x64
		{B0D0B736-9640-43D6-A1DE-CD430EF2BF43}.DebugDLLHTTP|x86.ActiveCfg = DebugDLLHTTP|Win32
		{B0D0B736-9640-43D6-A1DE-CD430EF2BF43}.DebugDLLHTTP|x86.Build.0 = DebugDLLHTTP|Win32
		{B0D0B736-9640-43D6-A1DE-CD430EF2BF43}.DebugHTTP|x64.ActiveCfg = DebugHTTP|x64
		{B0D0B736-9640-43D6-A1DE-CD430EF2BF43}.DebugHTTP|x64.Build.0 = DebugHTTP|x64
		{B0D0B736-9640-43D6-A1DE-CD430EF2BF43}.DebugHTTP|x86.ActiveCfg = DebugHTTP|Win32
		{B0D0B736-9640-43D6-A1DE-CD430EF2BF43}.DebugHTTP|x86.Build.0 = DebugHTTP|Win32
		{B0D0B736-9640-43D6-A1DE-CD430EF2BF43}.Release|x64.ActiveCfg = Release|x64
		{B0D0B736-9640-43D6-A1DE-CD430EF2BF43}.Release|x64.Build.0 = Release|x64
		{B0D0B736-9640-43D6-A1DE-CD430EF2BF43}.Release|x86.ActiveCfg = Release|Win32
		{B0D0B736-9640-43D6-A1DE-CD430EF2BF43}.Release|x86.Build.0 = Release|Win32
		{B0D0B736-9640-43D6-A1DE-CD430EF2BF43}.ReleaseDLL_Min|x64.ActiveCfg = ReleaseDLL_Min|x64
		{B0D0B736-9640-43D6-A1DE-CD430EF2BF43}.ReleaseDLL_Min|x64.Build.0 = ReleaseDLL_Min|x64
		{B0D0B736-9640-43D6-A1DE-CD430EF2BF43}.ReleaseDLL_Min|x86.ActiveCfg = ReleaseDLL_Min|Win32
		{B0D0B736-9640-43D6-A1DE-CD430EF2BF43}.ReleaseDLL_Min|x86.Build.0 = ReleaseDLL_Min|Win32
		{B0D0B736-9640-43D6-A1DE-CD430EF2BF43}.ReleaseDLL|x64.ActiveCfg = ReleaseDLL|x64
		{B0D0B736-9640-43D6-A1DE-CD430EF2BF43}.ReleaseDLL|x64.Build.0 = ReleaseDLL|x64
		{B0D0B736-9640-43D6-A1DE-CD430EF2BF43}.ReleaseDLL|x86.ActiveCfg = ReleaseDLL|Win32
		{B0D0B736-9640-43D6-A1DE-CD430EF2BF43}.ReleaseDLL|x86.Build.0 = ReleaseDLL|Win32
		{B0D0B736-9640-43D6-A1DE-CD430EF2BF43}.ReleaseDLLHTTP|x64.ActiveCfg = ReleaseDLLHTTP|x64
		{B0D0B736-9640-43D6-A1DE-CD430EF2BF43}.ReleaseDLLHTTP|x64.Build.0 = ReleaseDLLHTTP|x64
		{B0D0B736-9640-43D6-A1DE-CD430EF2BF43}.ReleaseDLLHTTP|x86.ActiveCfg = ReleaseDLLHTTP|Win32
		{B0D0B736-9640-43D6-A1DE-CD430EF2BF43}.ReleaseDLLHTTP|x86.Build.0 = ReleaseDLLHTTP|Win32
		{B0D0B736-9640-43D6-A1DE-CD430EF2BF43}.ReleaseHTTP|x64.ActiveCfg = ReleaseHTTP|x64
		{B0D0B736-9640-43D6-A1DE-CD430EF2BF43}.ReleaseHTTP|x64.Build.0 = ReleaseHTTP|x64
		{B0D0B736-9640-43D6-A1DE-CD430EF2BF43}.ReleaseHTTP|x86.ActiveCfg = ReleaseHTTP|Win32
		{B0D0B736-9640-43D6-A1DE-CD430EF2BF43}.ReleaseHTTP|x86.Build.0 = ReleaseHTTP|Win32
		{B0D0B736-9640-43D6-A1DE-CD430EF2BF43}.ReleaseMin|x64.ActiveCfg = ReleaseMin|x64
		{B0D0B736-9640-43D6-A1DE-CD430EF2BF43}.ReleaseMin|x64.Build.0 = ReleaseMin|x64
		{B0D0B736-9640-43D6-A1DE-CD430EF2BF43}.ReleaseMin|x86.ActiveCfg = ReleaseMin|Win32
		{B0D0B736-9640-43D6-A1DE-CD430EF2BF43}.ReleaseMin|x86.Build.0 = ReleaseMin|Win32
	EndGlobalSection
	GlobalSection(SolutionProperties) = preSolution
		HideSolutionNode = FALSE
	EndGlobalSection
	GlobalSection(NestedProjects) = preSolution
		{64291452-4EE8-4C94-8AED-5968EF31AE3A} = {FD0B9D94-1258-42E8-ACCD-13DA2C5FD6F7}
		{B0D0B736-9640-43D6-A1DE-CD430EF2BF43} = {FD0B9D94-1258-42E8-ACCD-13DA2C5FD6F7}
	EndGlobalSection
	GlobalSection(ExtensibilityGlobals) = postSolution
		SolutionGuid = {E4DF5D03-B523-49CC-ACE4-0837359CC0C8}
	EndGlobalSection
EndGlobal
