<?xml version="1.0" encoding="utf-8"?>
<Project ToolsVersion="4.0" xmlns="http://schemas.microsoft.com/developer/msbuild/2003">
  <ItemGroup>
    <Filter Include="include">
      <UniqueIdentifier>{e95af6ec-6c44-4bee-828a-b6778413bc15}</UniqueIdentifier>
    </Filter>
    <Filter Include="source">
      <UniqueIdentifier>{4FC737F1-C7A5-4376-A066-2A32D752A2FF}</UniqueIdentifier>
      <Extensions>cpp;c;cc;cxx;def;odl;idl;hpj;bat;asm;asmx</Extensions>
    </Filter>
    <Filter Include="resource">
      <UniqueIdentifier>{67DA6AB6-F800-4c08-8B7A-83BB121AAD01}</UniqueIdentifier>
      <Extensions>rc;ico;cur;bmp;dlg;rc2;rct;bin;rgs;gif;jpg;jpeg;jpe;resx;tiff;tif;png;wav;mfcribbon-ms</Extensions>
    </Filter>
    <Filter Include="include\base">
      <UniqueIdentifier>{bed8b3b7-7946-40cc-97a6-d568007fcf23}</UniqueIdentifier>
    </Filter>
    <Filter Include="source\base">
      <UniqueIdentifier>{43992d43-b771-4717-bfc8-a0c7d83e9e10}</UniqueIdentifier>
    </Filter>
    <Filter Include="include\net">
      <UniqueIdentifier>{f6fa46f8-1d00-4df3-adae-4aed46263350}</UniqueIdentifier>
    </Filter>
    <Filter Include="source\net">
      <UniqueIdentifier>{4d7634a7-109b-41e4-96df-cef2313da689}</UniqueIdentifier>
    </Filter>
    <Filter Include="include\encrypt">
      <UniqueIdentifier>{427702a2-2575-482c-a398-051d66a07887}</UniqueIdentifier>
    </Filter>
    <Filter Include="source\encrypt">
      <UniqueIdentifier>{fde56529-3560-489d-9268-490564131ebf}</UniqueIdentifier>
    </Filter>
  </ItemGroup>
  <ItemGroup>
    <ClInclude Include="..\include\base\base64.h">
      <Filter>include\base</Filter>
    </ClInclude>
    <ClInclude Include="..\include\base\buffer_queue.h">
      <Filter>include\base</Filter>
    </ClInclude>
    <ClInclude Include="..\include\base\byteorder.h">
      <Filter>include\base</Filter>
    </ClInclude>
    <ClInclude Include="..\include\base\cmdline_parse.h">
      <Filter>include\base</Filter>
    </ClInclude>
    <ClInclude Include="..\include\base\constructormagic.h">
      <Filter>include\base</Filter>
    </ClInclude>
    <ClInclude Include="..\include\base\criticalsection.h">
      <Filter>include\base</Filter>
    </ClInclude>
    <ClInclude Include="..\include\base\deprecation.h">
      <Filter>include\base</Filter>
    </ClInclude>
    <ClInclude Include="..\include\base\driver_info.h">
      <Filter>include\base</Filter>
    </ClInclude>
    <ClInclude Include="..\include\base\endianess_detect.h">
      <Filter>include\base</Filter>
    </ClInclude>
    <ClInclude Include="..\include\base\file_info.h">
      <Filter>include\base</Filter>
    </ClInclude>
    <ClInclude Include="..\include\base\file_util.h">
      <Filter>include\base</Filter>
    </ClInclude>
    <ClInclude Include="..\include\base\ini.h">
      <Filter>include\base</Filter>
    </ClInclude>
    <ClInclude Include="..\include\base\logging.h">
      <Filter>include\base</Filter>
    </ClInclude>
    <ClInclude Include="..\include\base\logging_file_sink_win.h">
      <Filter>include\base</Filter>
    </ClInclude>
    <ClInclude Include="..\include\base\md5.h">
      <Filter>include\base</Filter>
    </ClInclude>
    <ClInclude Include="..\include\base\memory_pool.hpp">
      <Filter>include\base</Filter>
    </ClInclude>
    <ClInclude Include="..\include\base\module_safe_string.h">
      <Filter>include\base</Filter>
    </ClInclude>
    <ClInclude Include="..\include\base\os_ver.h">
      <Filter>include\base</Filter>
    </ClInclude>
    <ClInclude Include="..\include\base\pc_info.h">
      <Filter>include\base</Filter>
    </ClInclude>
    <ClInclude Include="..\include\base\process_util.h">
      <Filter>include\base</Filter>
    </ClInclude>
    <ClInclude Include="..\include\base\registry.h">
      <Filter>include\base</Filter>
    </ClInclude>
    <ClInclude Include="..\include\base\safe_release_macro.h">
      <Filter>include\base</Filter>
    </ClInclude>
    <ClInclude Include="..\include\base\singleton.h">
      <Filter>include\base</Filter>
    </ClInclude>
    <ClInclude Include="..\include\base\stringencode.h">
      <Filter>include\base</Filter>
    </ClInclude>
    <ClInclude Include="..\include\base\thread_util.h">
      <Filter>include\base</Filter>
    </ClInclude>
    <ClInclude Include="..\include\base\timer.h">
      <Filter>include\base</Filter>
    </ClInclude>
    <ClInclude Include="..\include\base\timeutils.h">
      <Filter>include\base</Filter>
    </ClInclude>
    <ClInclude Include="..\include\base\win_main.h">
      <Filter>include\base</Filter>
    </ClInclude>
    <ClInclude Include="..\include\base\win_service_base.h">
      <Filter>include\base</Filter>
    </ClInclude>
    <ClInclude Include="..\include\base\win_service_installer.h">
      <Filter>include\base</Filter>
    </ClInclude>
    <ClInclude Include="..\include\net\file_download.h">
      <Filter>include\net</Filter>
    </ClInclude>
    <ClInclude Include="..\include\net\file_transfer_base.h">
      <Filter>include\net</Filter>
    </ClInclude>
    <ClInclude Include="..\include\net\global_env.h">
      <Filter>include\net</Filter>
    </ClInclude>
    <ClInclude Include="..\include\net\host_resolve.h">
      <Filter>include\net</Filter>
    </ClInclude>
    <ClInclude Include="..\include\net\http_request.h">
      <Filter>include\net</Filter>
    </ClInclude>
    <ClInclude Include="..\include\net\ipaddress.h">
      <Filter>include\net</Filter>
    </ClInclude>
    <ClInclude Include="..\include\net\networkprotocoldef.h">
      <Filter>include\net</Filter>
    </ClInclude>
    <ClInclude Include="..\include\net\ping.h">
      <Filter>include\net</Filter>
    </ClInclude>
    <ClInclude Include="..\include\ppx.h">
      <Filter>include</Filter>
    </ClInclude>
    <ClInclude Include="..\include\ppx_export.h">
      <Filter>include</Filter>
    </ClInclude>
    <ClInclude Include="..\include\base\assert.h">
      <Filter>include\base</Filter>
    </ClInclude>
    <ClInclude Include="..\include\base\bind.h">
      <Filter>include\base</Filter>
    </ClInclude>
    <ClInclude Include="..\include\base\bind_helpers.h">
      <Filter>include\base</Filter>
    </ClInclude>
    <ClInclude Include="..\include\base\bind_internal.h">
      <Filter>include\base</Filter>
    </ClInclude>
    <ClInclude Include="..\include\base\callback.h">
      <Filter>include\base</Filter>
    </ClInclude>
    <ClInclude Include="..\include\base\callback_forward.h">
      <Filter>include\base</Filter>
    </ClInclude>
    <ClInclude Include="..\include\base\callback_internal.h">
      <Filter>include\base</Filter>
    </ClInclude>
    <ClInclude Include="..\include\base\compiler_specific.h">
      <Filter>include\base</Filter>
    </ClInclude>
    <ClInclude Include="..\include\base\macros.h">
      <Filter>include\base</Filter>
    </ClInclude>
    <ClInclude Include="..\include\base\template_util.h">
      <Filter>include\base</Filter>
    </ClInclude>
    <ClInclude Include="..\include\net\iocp.h">
      <Filter>include\net</Filter>
    </ClInclude>
    <ClInclude Include="..\include\net\iocpserver.h">
      <Filter>include\net</Filter>
    </ClInclude>
    <ClInclude Include="..\include\net\overlappedsocket.h">
      <Filter>include\net</Filter>
    </ClInclude>
    <ClInclude Include="..\include\net\socketaddress.h">
      <Filter>include\net</Filter>
    </ClInclude>
    <ClInclude Include="..\include\net\socket.h">
      <Filter>include\net</Filter>
    </ClInclude>
    <ClInclude Include="..\include\base\event.h">
      <Filter>include\base</Filter>
    </ClInclude>
    <ClInclude Include="..\include\base\safe_compare.h">
      <Filter>include\base</Filter>
    </ClInclude>
    <ClInclude Include="..\include\base\safe_conversions.h">
      <Filter>include\base</Filter>
    </ClInclude>
    <ClInclude Include="..\include\base\safe_conversions_impl.h">
      <Filter>include\base</Filter>
    </ClInclude>
    <ClInclude Include="..\include\base\random.h">
      <Filter>include\base</Filter>
    </ClInclude>
    <ClInclude Include="..\include\base\flags.h">
      <Filter>include\base</Filter>
    </ClInclude>
    <ClInclude Include="..\include\base\string.h">
      <Filter>include\base</Filter>
    </ClInclude>
    <ClInclude Include="..\include\encrypt\encrypt_helper.h">
      <Filter>include\encrypt</Filter>
    </ClInclude>
    <ClInclude Include="..\include\net\ipc.h">
      <Filter>include\net</Filter>
    </ClInclude>
    <ClInclude Include="..\include\ppx_config.h">
      <Filter>include</Filter>
    </ClInclude>
    <ClInclude Include="..\include\net\msgpack_helper.hpp">
      <Filter>include\net</Filter>
    </ClInclude>
    <ClInclude Include="..\include\base\display_monitors.h">
      <Filter>include\base</Filter>
    </ClInclude>
  </ItemGroup>
  <ItemGroup>
    <None Include="..\src\.gitignore">
      <Filter>resource</Filter>
    </None>
    <None Include="..\README.md">
      <Filter>resource</Filter>
    </None>
    <None Include="packages.config" />
  </ItemGroup>
  <ItemGroup>
    <ClCompile Include="..\src\base\base64.cpp">
      <Filter>source\base</Filter>
    </ClCompile>
    <ClCompile Include="..\src\base\buffer_queue.cpp">
      <Filter>source\base</Filter>
    </ClCompile>
    <ClCompile Include="..\src\base\byteorder.cpp">
      <Filter>source\base</Filter>
    </ClCompile>
    <ClCompile Include="..\src\base\cmdline_parse.cpp">
      <Filter>source\base</Filter>
    </ClCompile>
    <ClCompile Include="..\src\base\criticalsection.cpp">
      <Filter>source\base</Filter>
    </ClCompile>
    <ClCompile Include="..\src\base\driver_info.cpp">
      <Filter>source\base</Filter>
    </ClCompile>
    <ClCompile Include="..\src\base\endianess_detect.cpp">
      <Filter>source\base</Filter>
    </ClCompile>
    <ClCompile Include="..\src\base\file_info.cpp">
      <Filter>source\base</Filter>
    </ClCompile>
    <ClCompile Include="..\src\base\file_util.cpp">
      <Filter>source\base</Filter>
    </ClCompile>
    <ClCompile Include="..\src\base\ini.cpp">
      <Filter>source\base</Filter>
    </ClCompile>
    <ClCompile Include="..\src\base\logging.cpp">
      <Filter>source\base</Filter>
    </ClCompile>
    <ClCompile Include="..\src\base\logging_file_sink_win.cpp">
      <Filter>source\base</Filter>
    </ClCompile>
    <ClCompile Include="..\src\base\md5.cpp">
      <Filter>source\base</Filter>
    </ClCompile>
    <ClCompile Include="..\src\base\os_ver.cpp">
      <Filter>source\base</Filter>
    </ClCompile>
    <ClCompile Include="..\src\base\pc_info.cpp">
      <Filter>source\base</Filter>
    </ClCompile>
    <ClCompile Include="..\src\base\process_util.cpp">
      <Filter>source\base</Filter>
    </ClCompile>
    <ClCompile Include="..\src\base\registry.cpp">
      <Filter>source\base</Filter>
    </ClCompile>
    <ClCompile Include="..\src\base\stringencode.cpp">
      <Filter>source\base</Filter>
    </ClCompile>
    <ClCompile Include="..\src\base\thread_util.cpp">
      <Filter>source\base</Filter>
    </ClCompile>
    <ClCompile Include="..\src\base\timer.cpp">
      <Filter>source\base</Filter>
    </ClCompile>
    <ClCompile Include="..\src\base\timeutils.cpp">
      <Filter>source\base</Filter>
    </ClCompile>
    <ClCompile Include="..\src\base\win_main.cpp">
      <Filter>source\base</Filter>
    </ClCompile>
    <ClCompile Include="..\src\base\win_util.cpp">
      <Filter>source\base</Filter>
    </ClCompile>
    <ClCompile Include="..\src\net\file_download.cpp">
      <Filter>source\net</Filter>
    </ClCompile>
    <ClCompile Include="..\src\net\file_transfer_base.cpp">
      <Filter>source\net</Filter>
    </ClCompile>
    <ClCompile Include="..\src\net\global_env.cpp">
      <Filter>source\net</Filter>
    </ClCompile>
    <ClCompile Include="..\src\net\host_resolve.cpp">
      <Filter>source\net</Filter>
    </ClCompile>
    <ClCompile Include="..\src\net\http_request.cpp">
      <Filter>source\net</Filter>
    </ClCompile>
    <ClCompile Include="..\src\net\ipaddress.cpp">
      <Filter>source\net</Filter>
    </ClCompile>
    <ClCompile Include="..\src\net\networkprotocoldef.cpp">
      <Filter>source\net</Filter>
    </ClCompile>
    <ClCompile Include="..\src\net\ping.cpp">
      <Filter>source\net</Filter>
    </ClCompile>
    <ClCompile Include="..\src\base\assert.cpp">
      <Filter>source\base</Filter>
    </ClCompile>
    <ClCompile Include="..\src\base\bind_helpers.cpp">
      <Filter>source\base</Filter>
    </ClCompile>
    <ClCompile Include="..\src\base\callback_internal.cpp">
      <Filter>source\base</Filter>
    </ClCompile>
    <ClCompile Include="..\src\net\iocp.cpp">
      <Filter>source\net</Filter>
    </ClCompile>
    <ClCompile Include="..\src\net\iocpserver.cpp">
      <Filter>source\net</Filter>
    </ClCompile>
    <ClCompile Include="..\src\net\overlappedsocket.cpp">
      <Filter>source\net</Filter>
    </ClCompile>
    <ClCompile Include="..\src\net\socketaddress.cpp">
      <Filter>source\net</Filter>
    </ClCompile>
    <ClCompile Include="..\src\base\event.cpp">
      <Filter>source\base</Filter>
    </ClCompile>
    <ClCompile Include="..\src\base\random.cpp">
      <Filter>source\base</Filter>
    </ClCompile>
    <ClCompile Include="..\src\base\flags.cpp">
      <Filter>source\base</Filter>
    </ClCompile>
    <ClCompile Include="..\src\base\string.cpp">
      <Filter>source\base</Filter>
    </ClCompile>
    <ClCompile Include="..\src\base\win_service_base.cpp">
      <Filter>source\base</Filter>
    </ClCompile>
    <ClCompile Include="..\src\base\win_service_installer.cpp">
      <Filter>source\base</Filter>
    </ClCompile>
    <ClCompile Include="..\src\encrypt\encrypt_helper.cpp">
      <Filter>source\encrypt</Filter>
    </ClCompile>
    <ClCompile Include="..\src\ppx.cpp">
      <Filter>source</Filter>
    </ClCompile>
    <ClCompile Include="..\src\net\ipc.cpp">
      <Filter>source\net</Filter>
    </ClCompile>
    <ClCompile Include="..\src\base\display_monitors.cpp">
      <Filter>source\base</Filter>
    </ClCompile>
  </ItemGroup>
</Project>