
Microsoft Visual Studio Solution File, Format Version 12.00
# Visual Studio 15
VisualStudioVersion = 15.0.28307.168
MinimumVisualStudioVersion = 10.0.40219.1
Project("{8BC9CEB8-8B4A-11D0-8D11-00A0C91BC942}") = "ppx", "ppx.vcxproj", "{CE0CBFB3-8D7E-4833-BE49-615F075A8CCC}"
EndProject
Project("{2150E333-8FDC-42A3-9474-1A3956D46DE8}") = "test", "test", "{FD0B9D94-1258-42E8-ACCD-13DA2C5FD6F7}"
EndProject
Project("{8BC9CEB8-8B4A-11D0-8D11-00A0C91BC942}") = "test-01", "test\test-01\test-01.vcxproj", "{64291452-4EE8-4C94-8AED-5968EF31AE3A}"
	ProjectSection(ProjectDependencies) = postProject
		{CE0CBFB3-8D7E-4833-BE49-615F075A8CCC} = {CE0CBFB3-8D7E-4833-BE49-615F075A8CCC}
	EndProjectSection
EndProject
Global
	GlobalSection(SolutionConfigurationPlatforms) = preSolution
		Debug|x64 = Debug|x64
		Debug|x86 = Debug|x86
		DebugDLL|x64 = DebugDLL|x64
		DebugDLL|x86 = DebugDLL|x86
		Release|x64 = Release|x64
		Release|x86 = Release|x86
		ReleaseDLL|x64 = ReleaseDLL|x64
		ReleaseDLL|x86 = ReleaseDLL|x86
	EndGlobalSection
	GlobalSection(ProjectConfigurationPlatforms) = postSolution
		{CE0CBFB3-8D7E-4833-BE49-615F075A8CCC}.Debug|x64.ActiveCfg = Debug|x64
		{CE0CBFB3-8D7E-4833-BE49-615F075A8CCC}.Debug|x64.Build.0 = Debug|x64
		{CE0CBFB3-8D7E-4833-BE49-615F075A8CCC}.Debug|x86.ActiveCfg = Debug|Win32
		{CE0CBFB3-8D7E-4833-BE49-615F075A8CCC}.Debug|x86.Build.0 = Debug|Win32
		{CE0CBFB3-8D7E-4833-BE49-615F075A8CCC}.DebugDLL|x64.ActiveCfg = DebugDLL|x64
		{CE0CBFB3-8D7E-4833-BE49-615F075A8CCC}.DebugDLL|x64.Build.0 = DebugDLL|x64
		{CE0CBFB3-8D7E-4833-BE49-615F075A8CCC}.DebugDLL|x86.ActiveCfg = DebugDLL|Win32
		{CE0CBFB3-8D7E-4833-BE49-615F075A8CCC}.DebugDLL|x86.Build.0 = DebugDLL|Win32
		{CE0CBFB3-8D7E-4833-BE49-615F075A8CCC}.Release|x64.ActiveCfg = Release|x64
		{CE0CBFB3-8D7E-4833-BE49-615F075A8CCC}.Release|x64.Build.0 = Release|x64
		{CE0CBFB3-8D7E-4833-BE49-615F075A8CCC}.Release|x86.ActiveCfg = Release|Win32
		{CE0CBFB3-8D7E-4833-BE49-615F075A8CCC}.Release|x86.Build.0 = Release|Win32
		{CE0CBFB3-8D7E-4833-BE49-615F075A8CCC}.ReleaseDLL|x64.ActiveCfg = ReleaseDLL|x64
		{CE0CBFB3-8D7E-4833-BE49-615F075A8CCC}.ReleaseDLL|x64.Build.0 = ReleaseDLL|x64
		{CE0CBFB3-8D7E-4833-BE49-615F075A8CCC}.ReleaseDLL|x86.ActiveCfg = ReleaseDLL|Win32
		{CE0CBFB3-8D7E-4833-BE49-615F075A8CCC}.ReleaseDLL|x86.Build.0 = ReleaseDLL|Win32
		{64291452-4EE8-4C94-8AED-5968EF31AE3A}.Debug|x64.ActiveCfg = Debug|x64
		{64291452-4EE8-4C94-8AED-5968EF31AE3A}.Debug|x64.Build.0 = Debug|x64
		{64291452-4EE8-4C94-8AED-5968EF31AE3A}.Debug|x86.ActiveCfg = Debug|Win32
		{64291452-4EE8-4C94-8AED-5968EF31AE3A}.Debug|x86.Build.0 = Debug|Win32
		{64291452-4EE8-4C94-8AED-5968EF31AE3A}.DebugDLL|x64.ActiveCfg = DebugDLL|x64
		{64291452-4EE8-4C94-8AED-5968EF31AE3A}.DebugDLL|x64.Build.0 = DebugDLL|x64
		{64291452-4EE8-4C94-8AED-5968EF31AE3A}.DebugDLL|x86.ActiveCfg = DebugDLL|Win32
		{64291452-4EE8-4C94-8AED-5968EF31AE3A}.DebugDLL|x86.Build.0 = DebugDLL|Win32
		{64291452-4EE8-4C94-8AED-5968EF31AE3A}.Release|x64.ActiveCfg = Release|x64
		{64291452-4EE8-4C94-8AED-5968EF31AE3A}.Release|x64.Build.0 = Release|x64
		{64291452-4EE8-4C94-8AED-5968EF31AE3A}.Release|x86.ActiveCfg = Release|Win32
		{64291452-4EE8-4C94-8AED-5968EF31AE3A}.Release|x86.Build.0 = Release|Win32
		{64291452-4EE8-4C94-8AED-5968EF31AE3A}.ReleaseDLL|x64.ActiveCfg = ReleaseDLL|x64
		{64291452-4EE8-4C94-8AED-5968EF31AE3A}.ReleaseDLL|x64.Build.0 = ReleaseDLL|x64
		{64291452-4EE8-4C94-8AED-5968EF31AE3A}.ReleaseDLL|x86.ActiveCfg = ReleaseDLL|Win32
		{64291452-4EE8-4C94-8AED-5968EF31AE3A}.ReleaseDLL|x86.Build.0 = ReleaseDLL|Win32
	EndGlobalSection
	GlobalSection(SolutionProperties) = preSolution
		HideSolutionNode = FALSE
	EndGlobalSection
	GlobalSection(NestedProjects) = preSolution
		{64291452-4EE8-4C94-8AED-5968EF31AE3A} = {FD0B9D94-1258-42E8-ACCD-13DA2C5FD6F7}
	EndGlobalSection
	GlobalSection(ExtensibilityGlobals) = postSolution
		SolutionGuid = {E4DF5D03-B523-49CC-ACE4-0837359CC0C8}
	EndGlobalSection
EndGlobal
